
Microsoft Visual Studio Solution File, Format Version 12.00
# Visual Studio 15
VisualStudioVersion = 15.0.28307.438
MinimumVisualStudioVersion = 10.0.40219.1
Project("{FAE04EC0-301F-11D3-BF4B-00C04F79EFBC}") = "LinqPractice", "LinqPractice\LinqPractice.csproj", "{E14269E6-E4CE-4B78-B43D-8274DDCB2D2F}"
EndProject
Global
	GlobalSection(SolutionConfigurationPlatforms) = preSolution
		Debug|Any CPU = Debug|Any CPU
		Release|Any CPU = Release|Any CPU
	EndGlobalSection
	GlobalSection(ProjectConfigurationPlatforms) = postSolution
		{E14269E6-E4CE-4B78-B43D-8274DDCB2D2F}.Debug|Any CPU.ActiveCfg = Debug|Any CPU
		{E14269E6-E4CE-4B78-B43D-8274DDCB2D2F}.Debug|Any CPU.Build.0 = Debug|Any CPU
		{E14269E6-E4CE-4B78-B43D-8274DDCB2D2F}.Release|Any CPU.ActiveCfg = Release|Any CPU
		{E14269E6-E4CE-4B78-B43D-8274DDCB2D2F}.Release|Any CPU.Build.0 = Release|Any CPU
	EndGlobalSection
	GlobalSection(SolutionProperties) = preSolution
		HideSolutionNode = FALSE
	EndGlobalSection
	GlobalSection(ExtensibilityGlobals) = postSolution
		SolutionGuid = {8AC76986-0E6A-45A6-B56D-74D4364ABC7B}
	EndGlobalSection
EndGlobal
